#include <stdio.h>
#include <stdlib.h>
#include <SDL/SDL.h>

void pause()
{
    int continuer = 1;
    SDL_Event event;

    while (continuer)
    {
        SDL_WaitEvent(&event);
        switch(event.type)
        {
            case SDL_QUIT:
                continuer = 0;
        }
    }
}



int main(int argc, char *argv[])
{
    SDL_Surface *ecran = NULL, *rectangle = NULL;

    SDL_Init(SDL_INIT_VIDEO);

    ecran = SDL_SetVideoMode(495, 640, 32, SDL_HWSURFACE);
    SDL_WM_SetCaption("Ma super fenêtre SDL !", NULL);
/////////////////////////////////////////////////////////////////////////////////////////////////////////
    SDL_Rect position1; // Variable position de partie_haut : P_partie_haut

    rectangle = SDL_CreateRGBSurface(SDL_HWSURFACE, 455, 75, 32, 0, 0, 0, 0); // partie_gauche : largeur, hauteur, type couleurs

    position1.x = 20; // Coordonnées .x (ordonnée = hauteur) de partie_haut
    position1.y = 20; // Coordonnées .y (abscisse = largeur) de partie_haut
    SDL_FillRect(rectangle, NULL, SDL_MapRGB(ecran->format, 255, 0, 0)); // Remplissage de la surface
    SDL_BlitSurface(rectangle, NULL, ecran, &position1);
//////////////////////////////////////////////////////////////////////////////////////////////////////////////
    SDL_Rect position2;

    rectangle = SDL_CreateRGBSurface(SDL_HWSURFACE, 75, 75, 32, 0, 0, 0, 0);

    position2.x = 20;
    position2.y = 115;
    SDL_FillRect(rectangle, NULL, SDL_MapRGB(ecran->format, 0, 255, 0));
    SDL_BlitSurface(rectangle, NULL, ecran, &position2);
///////////////////////////////////////////////////////////////////////////////////////////////////////////////
SDL_Rect position3;

    rectangle = SDL_CreateRGBSurface(SDL_HWSURFACE, 75, 75, 32, 0, 0, 0, 0);

    position3.x = 115;
    position3.y = 115;
    SDL_FillRect(rectangle, NULL, SDL_MapRGB(ecran->format, 0, 255, 0));
    SDL_BlitSurface(rectangle, NULL, ecran, &position3);
////////////////////////////////////////////////////////////////////////////////////////////////////////////////
SDL_Rect position4;

    rectangle = SDL_CreateRGBSurface(SDL_HWSURFACE, 75, 75, 32, 0, 0, 0, 0);

    position4.x = 210;
    position4.y = 115;
    SDL_FillRect(rectangle, NULL, SDL_MapRGB(ecran->format, 0, 255, 0));
    SDL_BlitSurface(rectangle, NULL, ecran, &position4);
////////////////////////////////////////////////////////////////////////////////////////////////////////////////
////////////////////////////////////////////////////////////////////////////////////////////////////////////////
SDL_Rect position5;

    rectangle = SDL_CreateRGBSurface(SDL_HWSURFACE, 75, 75, 32, 0, 0, 0, 0);

    position5.x = 305;
    position5.y = 115;
    SDL_FillRect(rectangle, NULL, SDL_MapRGB(ecran->format, 0, 255, 0));
    SDL_BlitSurface(rectangle, NULL, ecran, &position5);
////////////////////////////////////////////////////////////////////////////////////////////////////////////////
SDL_Rect position6;

    rectangle = SDL_CreateRGBSurface(SDL_HWSURFACE, 75, 75, 32, 0, 0, 0, 0);

    position6.x = 400;
    position6.y = 115;
    SDL_FillRect(rectangle, NULL, SDL_MapRGB(ecran->format, 0, 255, 0));
    SDL_BlitSurface(rectangle, NULL, ecran, &position6);
////////////////////////////////////////////////////////////////////////////////////////////////////////////////

    SDL_Flip(ecran);

    pause();

    SDL_FreeSurface(rectangle);
    SDL_Quit();

    return EXIT_SUCCESS;
}
